
Microsoft Visual Studio Solution File, Format Version 12.00
# Visual Studio Version 17
VisualStudioVersion = 17.3.32901.215
MinimumVisualStudioVersion = 10.0.40219.1
Project("{FAE04EC0-301F-11D3-BF4B-00C04F79EFBC}") = "Project", "Project\Project.csproj", "{903E9830-5C69-424D-9EA7-709C3F1B08FE}"
EndProject
Global
	GlobalSection(SolutionConfigurationPlatforms) = preSolution
		Debug|Any CPU = Debug|Any CPU
		Release|Any CPU = Release|Any CPU
	EndGlobalSection
	GlobalSection(ProjectConfigurationPlatforms) = postSolution
		{903E9830-5C69-424D-9EA7-709C3F1B08FE}.Debug|Any CPU.ActiveCfg = Debug|Any CPU
		{903E9830-5C69-424D-9EA7-709C3F1B08FE}.Debug|Any CPU.Build.0 = Debug|Any CPU
		{903E9830-5C69-424D-9EA7-709C3F1B08FE}.Release|Any CPU.ActiveCfg = Release|Any CPU
		{903E9830-5C69-424D-9EA7-709C3F1B08FE}.Release|Any CPU.Build.0 = Release|Any CPU
	EndGlobalSection
	GlobalSection(SolutionProperties) = preSolution
		HideSolutionNode = FALSE
	EndGlobalSection
	GlobalSection(ExtensibilityGlobals) = postSolution
		SolutionGuid = {DA15AA66-6026-4445-90ED-4AD668421D6E}
	EndGlobalSection
EndGlobal
